
Microsoft Visual Studio Solution File, Format Version 12.00
# Visual Studio Version 16
VisualStudioVersion = 16.0.29920.165
MinimumVisualStudioVersion = 10.0.40219.1
Project("{FAE04EC0-301F-11D3-BF4B-00C04F79EFBC}") = "EmployeeManager", "EmployeeManager\EmployeeManager.csproj", "{34478CCE-4114-41F9-8AAB-B6196B5D2CD1}"
EndProject
Global
	GlobalSection(SolutionConfigurationPlatforms) = preSolution
		Debug|Any CPU = Debug|Any CPU
		Release|Any CPU = Release|Any CPU
	EndGlobalSection
	GlobalSection(ProjectConfigurationPlatforms) = postSolution
		{34478CCE-4114-41F9-8AAB-B6196B5D2CD1}.Debug|Any CPU.ActiveCfg = Debug|Any CPU
		{34478CCE-4114-41F9-8AAB-B6196B5D2CD1}.Debug|Any CPU.Build.0 = Debug|Any CPU
		{34478CCE-4114-41F9-8AAB-B6196B5D2CD1}.Release|Any CPU.ActiveCfg = Release|Any CPU
		{34478CCE-4114-41F9-8AAB-B6196B5D2CD1}.Release|Any CPU.Build.0 = Release|Any CPU
	EndGlobalSection
	GlobalSection(SolutionProperties) = preSolution
		HideSolutionNode = FALSE
	EndGlobalSection
	GlobalSection(ExtensibilityGlobals) = postSolution
		SolutionGuid = {94E89328-78D4-4028-B050-C9A9349D71C4}
	EndGlobalSection
EndGlobal
